// !$*UTF8*$!
{
	archiveVersion = 1;
	classes = {
	};
	objectVersion = 55;
	objects = {

/* Begin PBXBuildFile section */
		650CB73F504EB6C928C2A2C4 /* Pods_StockManager.framework in Frameworks */ = {isa = PBXBuildFile; fileRef = 2795075F4927987E7B31145A /* Pods_StockManager.framework */; };
		F1224351284B4126004FAA68 /* SideMenuShopTableViewCell.swift in Sources */ = {isa = PBXBuildFile; fileRef = F1224350284B4126004FAA68 /* SideMenuShopTableViewCell.swift */; };
		F1224353284B4139004FAA68 /* SideMenuItemTableViewCell.swift in Sources */ = {isa = PBXBuildFile; fileRef = F1224352284B4139004FAA68 /* SideMenuItemTableViewCell.swift */; };
		F1224355284B61E8004FAA68 /* MenuItemDisplayModel.swift in Sources */ = {isa = PBXBuildFile; fileRef = F1224354284B61E8004FAA68 /* MenuItemDisplayModel.swift */; };
		F1224357284FA4EC004FAA68 /* ForgotPasswordEndpoint.swift in Sources */ = {isa = PBXBuildFile; fileRef = F1224356284FA4EC004FAA68 /* ForgotPasswordEndpoint.swift */; };
		F122435D28565D4E004FAA68 /* ReportMovementData.swift in Sources */ = {isa = PBXBuildFile; fileRef = F122435C28565D4E004FAA68 /* ReportMovementData.swift */; };
		F122435F28565F3E004FAA68 /* GetMovementListEndpoint.swift in Sources */ = {isa = PBXBuildFile; fileRef = F122435E28565F3E004FAA68 /* GetMovementListEndpoint.swift */; };
		F1224361285662C7004FAA68 /* GetDashboardStockGraphEndpoint.swift in Sources */ = {isa = PBXBuildFile; fileRef = F1224360285662C7004FAA68 /* GetDashboardStockGraphEndpoint.swift */; };
		F1224363285662D7004FAA68 /* GetDashboardStockCategoryEndpoint.swift in Sources */ = {isa = PBXBuildFile; fileRef = F1224362285662D7004FAA68 /* GetDashboardStockCategoryEndpoint.swift */; };
		F1224365285666F9004FAA68 /* ReportStockGraphData.swift in Sources */ = {isa = PBXBuildFile; fileRef = F1224364285666F9004FAA68 /* ReportStockGraphData.swift */; };
		F122436828566CC2004FAA68 /* DashboardMovementTableViewCell.swift in Sources */ = {isa = PBXBuildFile; fileRef = F122436728566CC2004FAA68 /* DashboardMovementTableViewCell.swift */; };
		F122436C285793F8004FAA68 /* UIViewExtension.swift in Sources */ = {isa = PBXBuildFile; fileRef = F122436B285793F8004FAA68 /* UIViewExtension.swift */; };
		F122436F28579BB5004FAA68 /* DashboardMovementHeaderView.swift in Sources */ = {isa = PBXBuildFile; fileRef = F122436E28579BB5004FAA68 /* DashboardMovementHeaderView.swift */; };
		F12243712857A3FA004FAA68 /* DashboardMovementHeaderDisplayViewModel.swift in Sources */ = {isa = PBXBuildFile; fileRef = F12243702857A3FA004FAA68 /* DashboardMovementHeaderDisplayViewModel.swift */; };
		F12243732857A54A004FAA68 /* DashboardStockGraphTableViewCell.swift in Sources */ = {isa = PBXBuildFile; fileRef = F12243722857A54A004FAA68 /* DashboardStockGraphTableViewCell.swift */; };
		F12243782857C24F004FAA68 /* ZortPieChartView.swift in Sources */ = {isa = PBXBuildFile; fileRef = F12243772857C24F004FAA68 /* ZortPieChartView.swift */; };
		F122437B2857D02B004FAA68 /* ZortPieChartColorSet.swift in Sources */ = {isa = PBXBuildFile; fileRef = F122437A2857D02B004FAA68 /* ZortPieChartColorSet.swift */; };
		F122437D2858E79A004FAA68 /* DashboardStockGraphLegendViewCell.swift in Sources */ = {isa = PBXBuildFile; fileRef = F122437C2858E79A004FAA68 /* DashboardStockGraphLegendViewCell.swift */; };
		F122437F2858F214004FAA68 /* DashboardHeaderTitleView.swift in Sources */ = {isa = PBXBuildFile; fileRef = F122437E2858F214004FAA68 /* DashboardHeaderTitleView.swift */; };
		F12243812858F560004FAA68 /* DashboardReportStockGraphDisplayViewModel.swift in Sources */ = {isa = PBXBuildFile; fileRef = F12243802858F560004FAA68 /* DashboardReportStockGraphDisplayViewModel.swift */; };
		F12243832858F631004FAA68 /* ZortDropdownView.swift in Sources */ = {isa = PBXBuildFile; fileRef = F12243822858F631004FAA68 /* ZortDropdownView.swift */; };
		F12243852858F8F1004FAA68 /* DashboardSalesGraphTableViewCell.swift in Sources */ = {isa = PBXBuildFile; fileRef = F12243842858F8F1004FAA68 /* DashboardSalesGraphTableViewCell.swift */; };
		F12243872858F961004FAA68 /* DashboardReportSalesGraphDisplayViewModel.swift in Sources */ = {isa = PBXBuildFile; fileRef = F12243862858F961004FAA68 /* DashboardReportSalesGraphDisplayViewModel.swift */; };
		F12243892858F984004FAA68 /* ReportSalesGraphData.swift in Sources */ = {isa = PBXBuildFile; fileRef = F12243882858F984004FAA68 /* ReportSalesGraphData.swift */; };
		F122438B2858FAED004FAA68 /* GetDashboardSalesGraphEndpoint.swift in Sources */ = {isa = PBXBuildFile; fileRef = F122438A2858FAED004FAA68 /* GetDashboardSalesGraphEndpoint.swift */; };
		F122438D28591217004FAA68 /* GetDashboardSummaryEndpoint.swift in Sources */ = {isa = PBXBuildFile; fileRef = F122438C28591217004FAA68 /* GetDashboardSummaryEndpoint.swift */; };
		F122438F285912E0004FAA68 /* DashboardSummaryItemDisplayViewModel.swift in Sources */ = {isa = PBXBuildFile; fileRef = F122438E285912E0004FAA68 /* DashboardSummaryItemDisplayViewModel.swift */; };
		F1224391285914EA004FAA68 /* DashboardSummaryItemViewCell.swift in Sources */ = {isa = PBXBuildFile; fileRef = F1224390285914EA004FAA68 /* DashboardSummaryItemViewCell.swift */; };
		F122439728608CE1004FAA68 /* ProductsCoordinator.swift in Sources */ = {isa = PBXBuildFile; fileRef = F122439628608CE1004FAA68 /* ProductsCoordinator.swift */; };
		F122439928608CF2004FAA68 /* ProductsViewController.swift in Sources */ = {isa = PBXBuildFile; fileRef = F122439828608CF2004FAA68 /* ProductsViewController.swift */; };
		F122439B28608CFE004FAA68 /* ProductsViewModel.swift in Sources */ = {isa = PBXBuildFile; fileRef = F122439A28608CFE004FAA68 /* ProductsViewModel.swift */; };
		F122439E28609C94004FAA68 /* ProductEmptyStateTableViewCell.swift in Sources */ = {isa = PBXBuildFile; fileRef = F122439D28609C94004FAA68 /* ProductEmptyStateTableViewCell.swift */; };
		F12243A028610447004FAA68 /* GetProductListEndpoint.swift in Sources */ = {isa = PBXBuildFile; fileRef = F122439F28610447004FAA68 /* GetProductListEndpoint.swift */; };
		F12243A4286106E9004FAA68 /* ProductItemDisplayViewModel.swift in Sources */ = {isa = PBXBuildFile; fileRef = F12243A3286106E9004FAA68 /* ProductItemDisplayViewModel.swift */; };
		F12243A628610AE0004FAA68 /* IntExtension.swift in Sources */ = {isa = PBXBuildFile; fileRef = F12243A528610AE0004FAA68 /* IntExtension.swift */; };
		F12243A828610B42004FAA68 /* ProductItemTableViewCell.swift in Sources */ = {isa = PBXBuildFile; fileRef = F12243A728610B42004FAA68 /* ProductItemTableViewCell.swift */; };
		F12243AB28610E15004FAA68 /* ProductTableHeaderView.swift in Sources */ = {isa = PBXBuildFile; fileRef = F12243AA28610E15004FAA68 /* ProductTableHeaderView.swift */; };
		F12243AE28637C6D004FAA68 /* Pagination.swift in Sources */ = {isa = PBXBuildFile; fileRef = F12243AD28637C6D004FAA68 /* Pagination.swift */; };
		F12243B02863810F004FAA68 /* ZortLazyLoadingTableViewCell.swift in Sources */ = {isa = PBXBuildFile; fileRef = F12243AF2863810F004FAA68 /* ZortLazyLoadingTableViewCell.swift */; };
		F12243B528638AE2004FAA68 /* AddProductCoordinator.swift in Sources */ = {isa = PBXBuildFile; fileRef = F12243B428638AE2004FAA68 /* AddProductCoordinator.swift */; };
		F12243B728638AEF004FAA68 /* AddProductViewController.swift in Sources */ = {isa = PBXBuildFile; fileRef = F12243B628638AEF004FAA68 /* AddProductViewController.swift */; };
		F12243B928638AFD004FAA68 /* AddProductViewModel.swift in Sources */ = {isa = PBXBuildFile; fileRef = F12243B828638AFD004FAA68 /* AddProductViewModel.swift */; };
		F13BF95C2899A23000F9E992 /* ReportListCoordinator.swift in Sources */ = {isa = PBXBuildFile; fileRef = F13BF95B2899A23000F9E992 /* ReportListCoordinator.swift */; };
		F13BF95E2899A23C00F9E992 /* ReportListViewController.swift in Sources */ = {isa = PBXBuildFile; fileRef = F13BF95D2899A23C00F9E992 /* ReportListViewController.swift */; };
		F13BF9602899A24900F9E992 /* ReportListViewModel.swift in Sources */ = {isa = PBXBuildFile; fileRef = F13BF95F2899A24900F9E992 /* ReportListViewModel.swift */; };
		F13BF9622899A34E00F9E992 /* ReportLinkData.swift in Sources */ = {isa = PBXBuildFile; fileRef = F13BF9612899A34E00F9E992 /* ReportLinkData.swift */; };
		F13BF9662899A5AF00F9E992 /* ReportListLinkTableHeaderView.swift in Sources */ = {isa = PBXBuildFile; fileRef = F13BF9652899A5AF00F9E992 /* ReportListLinkTableHeaderView.swift */; };
		F13BF9682899A76800F9E992 /* ReportListLinkTableViewCell.swift in Sources */ = {isa = PBXBuildFile; fileRef = F13BF9672899A76800F9E992 /* ReportListLinkTableViewCell.swift */; };
		F13BF96A2899AA5900F9E992 /* SelectLinkOptionViewController.swift in Sources */ = {isa = PBXBuildFile; fileRef = F13BF9692899AA5900F9E992 /* SelectLinkOptionViewController.swift */; };
		F190F9512847B237008F4941 /* LoginEndpoint.swift in Sources */ = {isa = PBXBuildFile; fileRef = F190F9502847B237008F4941 /* LoginEndpoint.swift */; };
		F190F9552847B77F008F4941 /* APIConstant.swift in Sources */ = {isa = PBXBuildFile; fileRef = F190F9542847B77F008F4941 /* APIConstant.swift */; };
		F190F9572847BB2B008F4941 /* UserContext.swift in Sources */ = {isa = PBXBuildFile; fileRef = F190F9562847BB2B008F4941 /* UserContext.swift */; };
		F190F95A2847BBD4008F4941 /* Merchant.swift in Sources */ = {isa = PBXBuildFile; fileRef = F190F9592847BBD4008F4941 /* Merchant.swift */; };
		F190F95D2847BC93008F4941 /* BaseAPIResponse.swift in Sources */ = {isa = PBXBuildFile; fileRef = F190F95C2847BC93008F4941 /* BaseAPIResponse.swift */; };
		F190F9632847C253008F4941 /* DashboardCoordinator.swift in Sources */ = {isa = PBXBuildFile; fileRef = F190F9622847C253008F4941 /* DashboardCoordinator.swift */; };
		F190F9652847C262008F4941 /* DashboardViewController.swift in Sources */ = {isa = PBXBuildFile; fileRef = F190F9642847C262008F4941 /* DashboardViewController.swift */; };
		F190F9672847C276008F4941 /* DashboardViewModel.swift in Sources */ = {isa = PBXBuildFile; fileRef = F190F9662847C276008F4941 /* DashboardViewModel.swift */; };
		F190F9692847C655008F4941 /* APIError.swift in Sources */ = {isa = PBXBuildFile; fileRef = F190F9682847C655008F4941 /* APIError.swift */; };
		F190F96E2847CC71008F4941 /* LoadingController.swift in Sources */ = {isa = PBXBuildFile; fileRef = F190F96D2847CC71008F4941 /* LoadingController.swift */; };
		F190F9702847CD4B008F4941 /* UIApplicationExtension.swift in Sources */ = {isa = PBXBuildFile; fileRef = F190F96F2847CD4B008F4941 /* UIApplicationExtension.swift */; };
		F190F976284A1AF8008F4941 /* SideMenuCoordinator.swift in Sources */ = {isa = PBXBuildFile; fileRef = F190F975284A1AF8008F4941 /* SideMenuCoordinator.swift */; };
		F190F978284A1B06008F4941 /* SideMenuViewController.swift in Sources */ = {isa = PBXBuildFile; fileRef = F190F977284A1B06008F4941 /* SideMenuViewController.swift */; };
		F190F97A284A1B17008F4941 /* SideMenuViewModel.swift in Sources */ = {isa = PBXBuildFile; fileRef = F190F979284A1B17008F4941 /* SideMenuViewModel.swift */; };
		F1973EB0286CCC74002E642F /* AddProductScanCodeButton.swift in Sources */ = {isa = PBXBuildFile; fileRef = F1973EAF286CCC74002E642F /* AddProductScanCodeButton.swift */; };
		F1973EB228720034002E642F /* AddProductSelectPhotoView.swift in Sources */ = {isa = PBXBuildFile; fileRef = F1973EB128720034002E642F /* AddProductSelectPhotoView.swift */; };
		F1973EB428720608002E642F /* ZortAdjustHeightImageView.swift in Sources */ = {isa = PBXBuildFile; fileRef = F1973EB328720608002E642F /* ZortAdjustHeightImageView.swift */; };
		F1973EB8287CA02C002E642F /* InsertProductEndpoint.swift in Sources */ = {isa = PBXBuildFile; fileRef = F1973EB7287CA02C002E642F /* InsertProductEndpoint.swift */; };
		F1A812EA28009AD3001CB802 /* AppDelegate.swift in Sources */ = {isa = PBXBuildFile; fileRef = F1A812E928009AD3001CB802 /* AppDelegate.swift */; };
		F1A812F328009AD5001CB802 /* Assets.xcassets in Resources */ = {isa = PBXBuildFile; fileRef = F1A812F228009AD5001CB802 /* Assets.xcassets */; };
		F1A812F628009AD5001CB802 /* LaunchScreen.storyboard in Resources */ = {isa = PBXBuildFile; fileRef = F1A812F428009AD5001CB802 /* LaunchScreen.storyboard */; };
		F1A812FF28009BC6001CB802 /* AppCoordinator.swift in Sources */ = {isa = PBXBuildFile; fileRef = F1A812FE28009BC6001CB802 /* AppCoordinator.swift */; };
		F1A8130228009BF2001CB802 /* BaseCoordinator.swift in Sources */ = {isa = PBXBuildFile; fileRef = F1A8130128009BF2001CB802 /* BaseCoordinator.swift */; };
		F1A8130628009EAD001CB802 /* ReusableViewExtension.swift in Sources */ = {isa = PBXBuildFile; fileRef = F1A8130528009EAD001CB802 /* ReusableViewExtension.swift */; };
		F1A8130828009ED1001CB802 /* StringExtension.swift in Sources */ = {isa = PBXBuildFile; fileRef = F1A8130728009ED1001CB802 /* StringExtension.swift */; };
		F1A8130A28009FEA001CB802 /* ViewModelType.swift in Sources */ = {isa = PBXBuildFile; fileRef = F1A8130928009FEA001CB802 /* ViewModelType.swift */; };
		F1A8130C2800A006001CB802 /* BaseViewController.swift in Sources */ = {isa = PBXBuildFile; fileRef = F1A8130B2800A006001CB802 /* BaseViewController.swift */; };
		F1A813122800A06B001CB802 /* MainViewController.swift in Sources */ = {isa = PBXBuildFile; fileRef = F1A813112800A06B001CB802 /* MainViewController.swift */; };
		F1A813152800A085001CB802 /* MainCoordinator.swift in Sources */ = {isa = PBXBuildFile; fileRef = F1A813142800A085001CB802 /* MainCoordinator.swift */; };
		F1A813172800A096001CB802 /* MainViewModel.swift in Sources */ = {isa = PBXBuildFile; fileRef = F1A813162800A096001CB802 /* MainViewModel.swift */; };
		F1B613D3283AA936003E4909 /* Colors.swift in Sources */ = {isa = PBXBuildFile; fileRef = F1B613D2283AA936003E4909 /* Colors.swift */; };
		F1B613D5283AA983003E4909 /* UIColorExtension.swift in Sources */ = {isa = PBXBuildFile; fileRef = F1B613D4283AA983003E4909 /* UIColorExtension.swift */; };
		F1B613E0283AB2D2003E4909 /* SukhumvitTadmai-TextItalic.ttf in Resources */ = {isa = PBXBuildFile; fileRef = F1B613DB283AB2D2003E4909 /* SukhumvitTadmai-TextItalic.ttf */; };
		F1B613E1283AB2D2003E4909 /* SukhumvitTadmai-Thin.ttf in Resources */ = {isa = PBXBuildFile; fileRef = F1B613DC283AB2D2003E4909 /* SukhumvitTadmai-Thin.ttf */; };
		F1B613E2283AB2D2003E4909 /* SukhumvitTadmai-Bold.ttf in Resources */ = {isa = PBXBuildFile; fileRef = F1B613DD283AB2D2003E4909 /* SukhumvitTadmai-Bold.ttf */; };
		F1B613E3283AB2D2003E4909 /* SukhumvitTadmai-Heavy.ttf in Resources */ = {isa = PBXBuildFile; fileRef = F1B613DE283AB2D2003E4909 /* SukhumvitTadmai-Heavy.ttf */; };
		F1B613E4283AB2D2003E4909 /* SukhumvitTadmai-Text.ttf in Resources */ = {isa = PBXBuildFile; fileRef = F1B613DF283AB2D2003E4909 /* SukhumvitTadmai-Text.ttf */; };
		F1B613E6283AB307003E4909 /* AppFont.swift in Sources */ = {isa = PBXBuildFile; fileRef = F1B613E5283AB307003E4909 /* AppFont.swift */; };
		F1B613E8283AB34E003E4909 /* UIFontExtension.swift in Sources */ = {isa = PBXBuildFile; fileRef = F1B613E7283AB34E003E4909 /* UIFontExtension.swift */; };
		F1B613EB283AB44F003E4909 /* ZortTextField.swift in Sources */ = {isa = PBXBuildFile; fileRef = F1B613EA283AB44F003E4909 /* ZortTextField.swift */; };
		F1B613F0283ABF25003E4909 /* LanguageManager.swift in Sources */ = {isa = PBXBuildFile; fileRef = F1B613EF283ABF25003E4909 /* LanguageManager.swift */; };
		F1B613F2283ABF95003E4909 /* NotificationCenterExtension.swift in Sources */ = {isa = PBXBuildFile; fileRef = F1B613F1283ABF95003E4909 /* NotificationCenterExtension.swift */; };
		F1B613F5283AC0A2003E4909 /* Localization.swift in Sources */ = {isa = PBXBuildFile; fileRef = F1B613F4283AC0A2003E4909 /* Localization.swift */; };
		F1B613F6283AC153003E4909 /* Localizable.strings in Resources */ = {isa = PBXBuildFile; fileRef = F1B613F8283AC153003E4909 /* Localizable.strings */; };
		F1B613FC284527F5003E4909 /* StackButtonViewController.swift in Sources */ = {isa = PBXBuildFile; fileRef = F1B613FB284527F5003E4909 /* StackButtonViewController.swift */; };
		F1B613FE28452825003E4909 /* UIScrollViewExtension.swift in Sources */ = {isa = PBXBuildFile; fileRef = F1B613FD28452825003E4909 /* UIScrollViewExtension.swift */; };
		F1B6140028452AA5003E4909 /* ZortButton.swift in Sources */ = {isa = PBXBuildFile; fileRef = F1B613FF28452AA5003E4909 /* ZortButton.swift */; };
		F1B6140228452B49003E4909 /* UIImageExtension.swift in Sources */ = {isa = PBXBuildFile; fileRef = F1B6140128452B49003E4909 /* UIImageExtension.swift */; };
		F1B6140528469102003E4909 /* Endpoint.swift in Sources */ = {isa = PBXBuildFile; fileRef = F1B6140428469102003E4909 /* Endpoint.swift */; };
/* End PBXBuildFile section */

/* Begin PBXFileReference section */
		2795075F4927987E7B31145A /* Pods_StockManager.framework */ = {isa = PBXFileReference; explicitFileType = wrapper.framework; includeInIndex = 0; path = Pods_StockManager.framework; sourceTree = BUILT_PRODUCTS_DIR; };
		31EC0D9D8E83403D03A5978A /* Pods-StockManager.debug.xcconfig */ = {isa = PBXFileReference; includeInIndex = 1; lastKnownFileType = text.xcconfig; name = "Pods-StockManager.debug.xcconfig"; path = "Target Support Files/Pods-StockManager/Pods-StockManager.debug.xcconfig"; sourceTree = "<group>"; };
		5D043D7346D75BA46F296D07 /* Pods-StockManager.release.xcconfig */ = {isa = PBXFileReference; includeInIndex = 1; lastKnownFileType = text.xcconfig; name = "Pods-StockManager.release.xcconfig"; path = "Target Support Files/Pods-StockManager/Pods-StockManager.release.xcconfig"; sourceTree = "<group>"; };
		F1224350284B4126004FAA68 /* SideMenuShopTableViewCell.swift */ = {isa = PBXFileReference; lastKnownFileType = sourcecode.swift; path = SideMenuShopTableViewCell.swift; sourceTree = "<group>"; };
		F1224352284B4139004FAA68 /* SideMenuItemTableViewCell.swift */ = {isa = PBXFileReference; lastKnownFileType = sourcecode.swift; path = SideMenuItemTableViewCell.swift; sourceTree = "<group>"; };
		F1224354284B61E8004FAA68 /* MenuItemDisplayModel.swift */ = {isa = PBXFileReference; lastKnownFileType = sourcecode.swift; path = MenuItemDisplayModel.swift; sourceTree = "<group>"; };
		F1224356284FA4EC004FAA68 /* ForgotPasswordEndpoint.swift */ = {isa = PBXFileReference; lastKnownFileType = sourcecode.swift; path = ForgotPasswordEndpoint.swift; sourceTree = "<group>"; };
		F122435C28565D4E004FAA68 /* ReportMovementData.swift */ = {isa = PBXFileReference; lastKnownFileType = sourcecode.swift; path = ReportMovementData.swift; sourceTree = "<group>"; };
		F122435E28565F3E004FAA68 /* GetMovementListEndpoint.swift */ = {isa = PBXFileReference; lastKnownFileType = sourcecode.swift; path = GetMovementListEndpoint.swift; sourceTree = "<group>"; };
		F1224360285662C7004FAA68 /* GetDashboardStockGraphEndpoint.swift */ = {isa = PBXFileReference; lastKnownFileType = sourcecode.swift; path = GetDashboardStockGraphEndpoint.swift; sourceTree = "<group>"; };
		F1224362285662D7004FAA68 /* GetDashboardStockCategoryEndpoint.swift */ = {isa = PBXFileReference; lastKnownFileType = sourcecode.swift; path = GetDashboardStockCategoryEndpoint.swift; sourceTree = "<group>"; };
		F1224364285666F9004FAA68 /* ReportStockGraphData.swift */ = {isa = PBXFileReference; lastKnownFileType = sourcecode.swift; path = ReportStockGraphData.swift; sourceTree = "<group>"; };
		F122436728566CC2004FAA68 /* DashboardMovementTableViewCell.swift */ = {isa = PBXFileReference; lastKnownFileType = sourcecode.swift; path = DashboardMovementTableViewCell.swift; sourceTree = "<group>"; };
		F122436B285793F8004FAA68 /* UIViewExtension.swift */ = {isa = PBXFileReference; lastKnownFileType = sourcecode.swift; path = UIViewExtension.swift; sourceTree = "<group>"; };
		F122436E28579BB5004FAA68 /* DashboardMovementHeaderView.swift */ = {isa = PBXFileReference; lastKnownFileType = sourcecode.swift; path = DashboardMovementHeaderView.swift; sourceTree = "<group>"; };
		F12243702857A3FA004FAA68 /* DashboardMovementHeaderDisplayViewModel.swift */ = {isa = PBXFileReference; lastKnownFileType = sourcecode.swift; path = DashboardMovementHeaderDisplayViewModel.swift; sourceTree = "<group>"; };
		F12243722857A54A004FAA68 /* DashboardStockGraphTableViewCell.swift */ = {isa = PBXFileReference; lastKnownFileType = sourcecode.swift; path = DashboardStockGraphTableViewCell.swift; sourceTree = "<group>"; };
		F12243772857C24F004FAA68 /* ZortPieChartView.swift */ = {isa = PBXFileReference; lastKnownFileType = sourcecode.swift; path = ZortPieChartView.swift; sourceTree = "<group>"; };
		F122437A2857D02B004FAA68 /* ZortPieChartColorSet.swift */ = {isa = PBXFileReference; lastKnownFileType = sourcecode.swift; path = ZortPieChartColorSet.swift; sourceTree = "<group>"; };
		F122437C2858E79A004FAA68 /* DashboardStockGraphLegendViewCell.swift */ = {isa = PBXFileReference; lastKnownFileType = sourcecode.swift; path = DashboardStockGraphLegendViewCell.swift; sourceTree = "<group>"; };
		F122437E2858F214004FAA68 /* DashboardHeaderTitleView.swift */ = {isa = PBXFileReference; lastKnownFileType = sourcecode.swift; path = DashboardHeaderTitleView.swift; sourceTree = "<group>"; };
		F12243802858F560004FAA68 /* DashboardReportStockGraphDisplayViewModel.swift */ = {isa = PBXFileReference; lastKnownFileType = sourcecode.swift; path = DashboardReportStockGraphDisplayViewModel.swift; sourceTree = "<group>"; };
		F12243822858F631004FAA68 /* ZortDropdownView.swift */ = {isa = PBXFileReference; lastKnownFileType = sourcecode.swift; path = ZortDropdownView.swift; sourceTree = "<group>"; };
		F12243842858F8F1004FAA68 /* DashboardSalesGraphTableViewCell.swift */ = {isa = PBXFileReference; lastKnownFileType = sourcecode.swift; path = DashboardSalesGraphTableViewCell.swift; sourceTree = "<group>"; };
		F12243862858F961004FAA68 /* DashboardReportSalesGraphDisplayViewModel.swift */ = {isa = PBXFileReference; lastKnownFileType = sourcecode.swift; path = DashboardReportSalesGraphDisplayViewModel.swift; sourceTree = "<group>"; };
		F12243882858F984004FAA68 /* ReportSalesGraphData.swift */ = {isa = PBXFileReference; lastKnownFileType = sourcecode.swift; path = ReportSalesGraphData.swift; sourceTree = "<group>"; };
		F122438A2858FAED004FAA68 /* GetDashboardSalesGraphEndpoint.swift */ = {isa = PBXFileReference; lastKnownFileType = sourcecode.swift; path = GetDashboardSalesGraphEndpoint.swift; sourceTree = "<group>"; };
		F122438C28591217004FAA68 /* GetDashboardSummaryEndpoint.swift */ = {isa = PBXFileReference; lastKnownFileType = sourcecode.swift; path = GetDashboardSummaryEndpoint.swift; sourceTree = "<group>"; };
		F122438E285912E0004FAA68 /* DashboardSummaryItemDisplayViewModel.swift */ = {isa = PBXFileReference; lastKnownFileType = sourcecode.swift; path = DashboardSummaryItemDisplayViewModel.swift; sourceTree = "<group>"; };
		F1224390285914EA004FAA68 /* DashboardSummaryItemViewCell.swift */ = {isa = PBXFileReference; lastKnownFileType = sourcecode.swift; path = DashboardSummaryItemViewCell.swift; sourceTree = "<group>"; };
		F122439628608CE1004FAA68 /* ProductsCoordinator.swift */ = {isa = PBXFileReference; lastKnownFileType = sourcecode.swift; path = ProductsCoordinator.swift; sourceTree = "<group>"; };
		F122439828608CF2004FAA68 /* ProductsViewController.swift */ = {isa = PBXFileReference; lastKnownFileType = sourcecode.swift; path = ProductsViewController.swift; sourceTree = "<group>"; };
		F122439A28608CFE004FAA68 /* ProductsViewModel.swift */ = {isa = PBXFileReference; lastKnownFileType = sourcecode.swift; path = ProductsViewModel.swift; sourceTree = "<group>"; };
		F122439D28609C94004FAA68 /* ProductEmptyStateTableViewCell.swift */ = {isa = PBXFileReference; lastKnownFileType = sourcecode.swift; path = ProductEmptyStateTableViewCell.swift; sourceTree = "<group>"; };
		F122439F28610447004FAA68 /* GetProductListEndpoint.swift */ = {isa = PBXFileReference; lastKnownFileType = sourcecode.swift; path = GetProductListEndpoint.swift; sourceTree = "<group>"; };
		F12243A3286106E9004FAA68 /* ProductItemDisplayViewModel.swift */ = {isa = PBXFileReference; lastKnownFileType = sourcecode.swift; path = ProductItemDisplayViewModel.swift; sourceTree = "<group>"; };
		F12243A528610AE0004FAA68 /* IntExtension.swift */ = {isa = PBXFileReference; lastKnownFileType = sourcecode.swift; path = IntExtension.swift; sourceTree = "<group>"; };
		F12243A728610B42004FAA68 /* ProductItemTableViewCell.swift */ = {isa = PBXFileReference; lastKnownFileType = sourcecode.swift; path = ProductItemTableViewCell.swift; sourceTree = "<group>"; };
		F12243AA28610E15004FAA68 /* ProductTableHeaderView.swift */ = {isa = PBXFileReference; lastKnownFileType = sourcecode.swift; path = ProductTableHeaderView.swift; sourceTree = "<group>"; };
		F12243AD28637C6D004FAA68 /* Pagination.swift */ = {isa = PBXFileReference; lastKnownFileType = sourcecode.swift; path = Pagination.swift; sourceTree = "<group>"; };
		F12243AF2863810F004FAA68 /* ZortLazyLoadingTableViewCell.swift */ = {isa = PBXFileReference; lastKnownFileType = sourcecode.swift; path = ZortLazyLoadingTableViewCell.swift; sourceTree = "<group>"; };
		F12243B428638AE2004FAA68 /* AddProductCoordinator.swift */ = {isa = PBXFileReference; lastKnownFileType = sourcecode.swift; path = AddProductCoordinator.swift; sourceTree = "<group>"; };
		F12243B628638AEF004FAA68 /* AddProductViewController.swift */ = {isa = PBXFileReference; lastKnownFileType = sourcecode.swift; path = AddProductViewController.swift; sourceTree = "<group>"; };
		F12243B828638AFD004FAA68 /* AddProductViewModel.swift */ = {isa = PBXFileReference; lastKnownFileType = sourcecode.swift; path = AddProductViewModel.swift; sourceTree = "<group>"; };
		F13BF95B2899A23000F9E992 /* ReportListCoordinator.swift */ = {isa = PBXFileReference; lastKnownFileType = sourcecode.swift; path = ReportListCoordinator.swift; sourceTree = "<group>"; };
		F13BF95D2899A23C00F9E992 /* ReportListViewController.swift */ = {isa = PBXFileReference; lastKnownFileType = sourcecode.swift; path = ReportListViewController.swift; sourceTree = "<group>"; };
		F13BF95F2899A24900F9E992 /* ReportListViewModel.swift */ = {isa = PBXFileReference; lastKnownFileType = sourcecode.swift; path = ReportListViewModel.swift; sourceTree = "<group>"; };
		F13BF9612899A34E00F9E992 /* ReportLinkData.swift */ = {isa = PBXFileReference; lastKnownFileType = sourcecode.swift; path = ReportLinkData.swift; sourceTree = "<group>"; };
		F13BF9652899A5AF00F9E992 /* ReportListLinkTableHeaderView.swift */ = {isa = PBXFileReference; lastKnownFileType = sourcecode.swift; path = ReportListLinkTableHeaderView.swift; sourceTree = "<group>"; };
		F13BF9672899A76800F9E992 /* ReportListLinkTableViewCell.swift */ = {isa = PBXFileReference; lastKnownFileType = sourcecode.swift; path = ReportListLinkTableViewCell.swift; sourceTree = "<group>"; };
		F13BF9692899AA5900F9E992 /* SelectLinkOptionViewController.swift */ = {isa = PBXFileReference; lastKnownFileType = sourcecode.swift; path = SelectLinkOptionViewController.swift; sourceTree = "<group>"; };
		F190F9502847B237008F4941 /* LoginEndpoint.swift */ = {isa = PBXFileReference; lastKnownFileType = sourcecode.swift; path = LoginEndpoint.swift; sourceTree = "<group>"; };
		F190F9542847B77F008F4941 /* APIConstant.swift */ = {isa = PBXFileReference; lastKnownFileType = sourcecode.swift; path = APIConstant.swift; sourceTree = "<group>"; };
		F190F9562847BB2B008F4941 /* UserContext.swift */ = {isa = PBXFileReference; lastKnownFileType = sourcecode.swift; path = UserContext.swift; sourceTree = "<group>"; };
		F190F9592847BBD4008F4941 /* Merchant.swift */ = {isa = PBXFileReference; lastKnownFileType = sourcecode.swift; path = Merchant.swift; sourceTree = "<group>"; };
		F190F95C2847BC93008F4941 /* BaseAPIResponse.swift */ = {isa = PBXFileReference; lastKnownFileType = sourcecode.swift; path = BaseAPIResponse.swift; sourceTree = "<group>"; };
		F190F9622847C253008F4941 /* DashboardCoordinator.swift */ = {isa = PBXFileReference; lastKnownFileType = sourcecode.swift; path = DashboardCoordinator.swift; sourceTree = "<group>"; };
		F190F9642847C262008F4941 /* DashboardViewController.swift */ = {isa = PBXFileReference; lastKnownFileType = sourcecode.swift; path = DashboardViewController.swift; sourceTree = "<group>"; };
		F190F9662847C276008F4941 /* DashboardViewModel.swift */ = {isa = PBXFileReference; lastKnownFileType = sourcecode.swift; path = DashboardViewModel.swift; sourceTree = "<group>"; };
		F190F9682847C655008F4941 /* APIError.swift */ = {isa = PBXFileReference; lastKnownFileType = sourcecode.swift; path = APIError.swift; sourceTree = "<group>"; };
		F190F96D2847CC71008F4941 /* LoadingController.swift */ = {isa = PBXFileReference; lastKnownFileType = sourcecode.swift; path = LoadingController.swift; sourceTree = "<group>"; };
		F190F96F2847CD4B008F4941 /* UIApplicationExtension.swift */ = {isa = PBXFileReference; lastKnownFileType = sourcecode.swift; path = UIApplicationExtension.swift; sourceTree = "<group>"; };
		F190F975284A1AF8008F4941 /* SideMenuCoordinator.swift */ = {isa = PBXFileReference; lastKnownFileType = sourcecode.swift; path = SideMenuCoordinator.swift; sourceTree = "<group>"; };
		F190F977284A1B06008F4941 /* SideMenuViewController.swift */ = {isa = PBXFileReference; lastKnownFileType = sourcecode.swift; path = SideMenuViewController.swift; sourceTree = "<group>"; };
		F190F979284A1B17008F4941 /* SideMenuViewModel.swift */ = {isa = PBXFileReference; lastKnownFileType = sourcecode.swift; path = SideMenuViewModel.swift; sourceTree = "<group>"; };
		F1973EAF286CCC74002E642F /* AddProductScanCodeButton.swift */ = {isa = PBXFileReference; lastKnownFileType = sourcecode.swift; path = AddProductScanCodeButton.swift; sourceTree = "<group>"; };
		F1973EB128720034002E642F /* AddProductSelectPhotoView.swift */ = {isa = PBXFileReference; lastKnownFileType = sourcecode.swift; path = AddProductSelectPhotoView.swift; sourceTree = "<group>"; };
		F1973EB328720608002E642F /* ZortAdjustHeightImageView.swift */ = {isa = PBXFileReference; lastKnownFileType = sourcecode.swift; path = ZortAdjustHeightImageView.swift; sourceTree = "<group>"; };
		F1973EB7287CA02C002E642F /* InsertProductEndpoint.swift */ = {isa = PBXFileReference; lastKnownFileType = sourcecode.swift; path = InsertProductEndpoint.swift; sourceTree = "<group>"; };
		F1A812E628009AD3001CB802 /* StockManager.app */ = {isa = PBXFileReference; explicitFileType = wrapper.application; includeInIndex = 0; path = StockManager.app; sourceTree = BUILT_PRODUCTS_DIR; };
		F1A812E928009AD3001CB802 /* AppDelegate.swift */ = {isa = PBXFileReference; lastKnownFileType = sourcecode.swift; path = AppDelegate.swift; sourceTree = "<group>"; };
		F1A812F228009AD5001CB802 /* Assets.xcassets */ = {isa = PBXFileReference; lastKnownFileType = folder.assetcatalog; path = Assets.xcassets; sourceTree = "<group>"; };
		F1A812F528009AD5001CB802 /* Base */ = {isa = PBXFileReference; lastKnownFileType = file.storyboard; name = Base; path = Base.lproj/LaunchScreen.storyboard; sourceTree = "<group>"; };
		F1A812F728009AD5001CB802 /* Info.plist */ = {isa = PBXFileReference; lastKnownFileType = text.plist.xml; path = Info.plist; sourceTree = "<group>"; };
		F1A812FE28009BC6001CB802 /* AppCoordinator.swift */ = {isa = PBXFileReference; lastKnownFileType = sourcecode.swift; path = AppCoordinator.swift; sourceTree = "<group>"; };
		F1A8130128009BF2001CB802 /* BaseCoordinator.swift */ = {isa = PBXFileReference; lastKnownFileType = sourcecode.swift; path = BaseCoordinator.swift; sourceTree = "<group>"; };
		F1A8130528009EAD001CB802 /* ReusableViewExtension.swift */ = {isa = PBXFileReference; lastKnownFileType = sourcecode.swift; path = ReusableViewExtension.swift; sourceTree = "<group>"; };
		F1A8130728009ED1001CB802 /* StringExtension.swift */ = {isa = PBXFileReference; lastKnownFileType = sourcecode.swift; path = StringExtension.swift; sourceTree = "<group>"; };
		F1A8130928009FEA001CB802 /* ViewModelType.swift */ = {isa = PBXFileReference; lastKnownFileType = sourcecode.swift; path = ViewModelType.swift; sourceTree = "<group>"; };
		F1A8130B2800A006001CB802 /* BaseViewController.swift */ = {isa = PBXFileReference; lastKnownFileType = sourcecode.swift; path = BaseViewController.swift; sourceTree = "<group>"; };
		F1A813112800A06B001CB802 /* MainViewController.swift */ = {isa = PBXFileReference; lastKnownFileType = sourcecode.swift; path = MainViewController.swift; sourceTree = "<group>"; };
		F1A813142800A085001CB802 /* MainCoordinator.swift */ = {isa = PBXFileReference; lastKnownFileType = sourcecode.swift; path = MainCoordinator.swift; sourceTree = "<group>"; };
		F1A813162800A096001CB802 /* MainViewModel.swift */ = {isa = PBXFileReference; lastKnownFileType = sourcecode.swift; path = MainViewModel.swift; sourceTree = "<group>"; };
		F1B613D2283AA936003E4909 /* Colors.swift */ = {isa = PBXFileReference; lastKnownFileType = sourcecode.swift; path = Colors.swift; sourceTree = "<group>"; };
		F1B613D4283AA983003E4909 /* UIColorExtension.swift */ = {isa = PBXFileReference; lastKnownFileType = sourcecode.swift; path = UIColorExtension.swift; sourceTree = "<group>"; };
		F1B613DB283AB2D2003E4909 /* SukhumvitTadmai-TextItalic.ttf */ = {isa = PBXFileReference; lastKnownFileType = file; path = "SukhumvitTadmai-TextItalic.ttf"; sourceTree = "<group>"; };
		F1B613DC283AB2D2003E4909 /* SukhumvitTadmai-Thin.ttf */ = {isa = PBXFileReference; lastKnownFileType = file; path = "SukhumvitTadmai-Thin.ttf"; sourceTree = "<group>"; };
		F1B613DD283AB2D2003E4909 /* SukhumvitTadmai-Bold.ttf */ = {isa = PBXFileReference; lastKnownFileType = file; path = "SukhumvitTadmai-Bold.ttf"; sourceTree = "<group>"; };
		F1B613DE283AB2D2003E4909 /* SukhumvitTadmai-Heavy.ttf */ = {isa = PBXFileReference; lastKnownFileType = file; path = "SukhumvitTadmai-Heavy.ttf"; sourceTree = "<group>"; };
		F1B613DF283AB2D2003E4909 /* SukhumvitTadmai-Text.ttf */ = {isa = PBXFileReference; lastKnownFileType = file; path = "SukhumvitTadmai-Text.ttf"; sourceTree = "<group>"; };
		F1B613E5283AB307003E4909 /* AppFont.swift */ = {isa = PBXFileReference; lastKnownFileType = sourcecode.swift; path = AppFont.swift; sourceTree = "<group>"; };
		F1B613E7283AB34E003E4909 /* UIFontExtension.swift */ = {isa = PBXFileReference; lastKnownFileType = sourcecode.swift; path = UIFontExtension.swift; sourceTree = "<group>"; };
		F1B613EA283AB44F003E4909 /* ZortTextField.swift */ = {isa = PBXFileReference; lastKnownFileType = sourcecode.swift; path = ZortTextField.swift; sourceTree = "<group>"; };
		F1B613EF283ABF25003E4909 /* LanguageManager.swift */ = {isa = PBXFileReference; lastKnownFileType = sourcecode.swift; path = LanguageManager.swift; sourceTree = "<group>"; };
		F1B613F1283ABF95003E4909 /* NotificationCenterExtension.swift */ = {isa = PBXFileReference; lastKnownFileType = sourcecode.swift; path = NotificationCenterExtension.swift; sourceTree = "<group>"; };
		F1B613F4283AC0A2003E4909 /* Localization.swift */ = {isa = PBXFileReference; lastKnownFileType = sourcecode.swift; path = Localization.swift; sourceTree = "<group>"; };
		F1B613F7283AC153003E4909 /* en */ = {isa = PBXFileReference; lastKnownFileType = text.plist.strings; name = en; path = en.lproj/Localizable.strings; sourceTree = "<group>"; };
		F1B613F9283AC22F003E4909 /* th */ = {isa = PBXFileReference; lastKnownFileType = text.plist.strings; name = th; path = th.lproj/Localizable.strings; sourceTree = "<group>"; };
		F1B613FB284527F5003E4909 /* StackButtonViewController.swift */ = {isa = PBXFileReference; lastKnownFileType = sourcecode.swift; path = StackButtonViewController.swift; sourceTree = "<group>"; };
		F1B613FD28452825003E4909 /* UIScrollViewExtension.swift */ = {isa = PBXFileReference; lastKnownFileType = sourcecode.swift; path = UIScrollViewExtension.swift; sourceTree = "<group>"; };
		F1B613FF28452AA5003E4909 /* ZortButton.swift */ = {isa = PBXFileReference; lastKnownFileType = sourcecode.swift; path = ZortButton.swift; sourceTree = "<group>"; };
		F1B6140128452B49003E4909 /* UIImageExtension.swift */ = {isa = PBXFileReference; lastKnownFileType = sourcecode.swift; path = UIImageExtension.swift; sourceTree = "<group>"; };
		F1B6140428469102003E4909 /* Endpoint.swift */ = {isa = PBXFileReference; lastKnownFileType = sourcecode.swift; path = Endpoint.swift; sourceTree = "<group>"; };
/* End PBXFileReference section */

/* Begin PBXFrameworksBuildPhase section */
		F1A812E328009AD3001CB802 /* Frameworks */ = {
			isa = PBXFrameworksBuildPhase;
			buildActionMask = 2147483647;
			files = (
				650CB73F504EB6C928C2A2C4 /* Pods_StockManager.framework in Frameworks */,
			);
			runOnlyForDeploymentPostprocessing = 0;
		};
/* End PBXFrameworksBuildPhase section */

/* Begin PBXGroup section */
		2A3FACFB2669C0439438C7C6 /* Frameworks */ = {
			isa = PBXGroup;
			children = (
				2795075F4927987E7B31145A /* Pods_StockManager.framework */,
			);
			name = Frameworks;
			sourceTree = "<group>";
		};
		4ACB6BE4FC1462125476D0FC /* Pods */ = {
			isa = PBXGroup;
			children = (
				31EC0D9D8E83403D03A5978A /* Pods-StockManager.debug.xcconfig */,
				5D043D7346D75BA46F296D07 /* Pods-StockManager.release.xcconfig */,
			);
			path = Pods;
			sourceTree = "<group>";
		};
		F122434D284B3329004FAA68 /* TableViewCell */ = {
			isa = PBXGroup;
			children = (
				F1224350284B4126004FAA68 /* SideMenuShopTableViewCell.swift */,
				F1224352284B4139004FAA68 /* SideMenuItemTableViewCell.swift */,
			);
			path = TableViewCell;
			sourceTree = "<group>";
		};
		F122436628566C91004FAA68 /* TableViewCell */ = {
			isa = PBXGroup;
			children = (
				F122436728566CC2004FAA68 /* DashboardMovementTableViewCell.swift */,
				F12243722857A54A004FAA68 /* DashboardStockGraphTableViewCell.swift */,
				F122437C2858E79A004FAA68 /* DashboardStockGraphLegendViewCell.swift */,
				F12243842858F8F1004FAA68 /* DashboardSalesGraphTableViewCell.swift */,
				F1224390285914EA004FAA68 /* DashboardSummaryItemViewCell.swift */,
			);
			path = TableViewCell;
			sourceTree = "<group>";
		};
		F122436D28579B98004FAA68 /* TableHeaderView */ = {
			isa = PBXGroup;
			children = (
				F122437E2858F214004FAA68 /* DashboardHeaderTitleView.swift */,
				F122436E28579BB5004FAA68 /* DashboardMovementHeaderView.swift */,
			);
			path = TableHeaderView;
			sourceTree = "<group>";
		};
		F122439228608C9A004FAA68 /* Products */ = {
			isa = PBXGroup;
			children = (
				F122439328608CB7004FAA68 /* Coordinator */,
				F122439428608CBE004FAA68 /* View */,
				F122439528608CC4004FAA68 /* ViewModel */,
			);
			path = Products;
			sourceTree = "<group>";
		};
		F122439328608CB7004FAA68 /* Coordinator */ = {
			isa = PBXGroup;
			children = (
				F122439628608CE1004FAA68 /* ProductsCoordinator.swift */,
			);
			path = Coordinator;
			sourceTree = "<group>";
		};
		F122439428608CBE004FAA68 /* View */ = {
			isa = PBXGroup;
			children = (
				F12243A928610DEA004FAA68 /* TableHeaderView */,
				F122439C28609C81004FAA68 /* TableViewCell */,
				F122439828608CF2004FAA68 /* ProductsViewController.swift */,
			);
			path = View;
			sourceTree = "<group>";
		};
		F122439528608CC4004FAA68 /* ViewModel */ = {
			isa = PBXGroup;
			children = (
				F122439A28608CFE004FAA68 /* ProductsViewModel.swift */,
				F12243A3286106E9004FAA68 /* ProductItemDisplayViewModel.swift */,
			);
			path = ViewModel;
			sourceTree = "<group>";
		};
		F122439C28609C81004FAA68 /* TableViewCell */ = {
			isa = PBXGroup;
			children = (
				F122439D28609C94004FAA68 /* ProductEmptyStateTableViewCell.swift */,
				F12243A728610B42004FAA68 /* ProductItemTableViewCell.swift */,
			);
			path = TableViewCell;
			sourceTree = "<group>";
		};
		F12243A928610DEA004FAA68 /* TableHeaderView */ = {
			isa = PBXGroup;
			children = (
				F12243AA28610E15004FAA68 /* ProductTableHeaderView.swift */,
			);
			path = TableHeaderView;
			sourceTree = "<group>";
		};
		F12243AC28637943004FAA68 /* AddProduct */ = {
			isa = PBXGroup;
			children = (
				F12243B328638AC4004FAA68 /* Coordinator */,
				F12243B128638AB9004FAA68 /* View */,
				F12243B228638ABF004FAA68 /* ViewModel */,
			);
			path = AddProduct;
			sourceTree = "<group>";
		};
		F12243B128638AB9004FAA68 /* View */ = {
			isa = PBXGroup;
			children = (
				F12243B628638AEF004FAA68 /* AddProductViewController.swift */,
				F1973EAF286CCC74002E642F /* AddProductScanCodeButton.swift */,
				F1973EB128720034002E642F /* AddProductSelectPhotoView.swift */,
			);
			path = View;
			sourceTree = "<group>";
		};
		F12243B228638ABF004FAA68 /* ViewModel */ = {
			isa = PBXGroup;
			children = (
				F12243B828638AFD004FAA68 /* AddProductViewModel.swift */,
			);
			path = ViewModel;
			sourceTree = "<group>";
		};
		F12243B328638AC4004FAA68 /* Coordinator */ = {
			isa = PBXGroup;
			children = (
				F12243B428638AE2004FAA68 /* AddProductCoordinator.swift */,
			);
			path = Coordinator;
			sourceTree = "<group>";
		};
		F13BF9572899A1FA00F9E992 /* ReportList */ = {
			isa = PBXGroup;
			children = (
				F13BF9582899A20700F9E992 /* Coordinator */,
				F13BF9592899A20D00F9E992 /* View */,
				F13BF95A2899A21200F9E992 /* ViewModel */,
			);
			path = ReportList;
			sourceTree = "<group>";
		};
		F13BF9582899A20700F9E992 /* Coordinator */ = {
			isa = PBXGroup;
			children = (
				F13BF95B2899A23000F9E992 /* ReportListCoordinator.swift */,
			);
			path = Coordinator;
			sourceTree = "<group>";
		};
		F13BF9592899A20D00F9E992 /* View */ = {
			isa = PBXGroup;
			children = (
				F13BF9632899A56B00F9E992 /* TableHeaderView */,
				F13BF9642899A57800F9E992 /* TableViewCell */,
				F13BF95D2899A23C00F9E992 /* ReportListViewController.swift */,
				F13BF9692899AA5900F9E992 /* SelectLinkOptionViewController.swift */,
			);
			path = View;
			sourceTree = "<group>";
		};
		F13BF95A2899A21200F9E992 /* ViewModel */ = {
			isa = PBXGroup;
			children = (
				F13BF95F2899A24900F9E992 /* ReportListViewModel.swift */,
			);
			path = ViewModel;
			sourceTree = "<group>";
		};
		F13BF9632899A56B00F9E992 /* TableHeaderView */ = {
			isa = PBXGroup;
			children = (
				F13BF9652899A5AF00F9E992 /* ReportListLinkTableHeaderView.swift */,
			);
			path = TableHeaderView;
			sourceTree = "<group>";
		};
		F13BF9642899A57800F9E992 /* TableViewCell */ = {
			isa = PBXGroup;
			children = (
				F13BF9672899A76800F9E992 /* ReportListLinkTableViewCell.swift */,
			);
			path = TableViewCell;
			sourceTree = "<group>";
		};
		F190F9582847BBB5008F4941 /* Models */ = {
			isa = PBXGroup;
			children = (
				F190F9592847BBD4008F4941 /* Merchant.swift */,
				F122435C28565D4E004FAA68 /* ReportMovementData.swift */,
				F1224364285666F9004FAA68 /* ReportStockGraphData.swift */,
				F12243882858F984004FAA68 /* ReportSalesGraphData.swift */,
				F13BF9612899A34E00F9E992 /* ReportLinkData.swift */,
			);
			path = Models;
			sourceTree = "<group>";
		};
		F190F95B2847BC79008F4941 /* Endpoints */ = {
			isa = PBXGroup;
			children = (
				F190F9502847B237008F4941 /* LoginEndpoint.swift */,
				F1224356284FA4EC004FAA68 /* ForgotPasswordEndpoint.swift */,
				F122435E28565F3E004FAA68 /* GetMovementListEndpoint.swift */,
				F1224360285662C7004FAA68 /* GetDashboardStockGraphEndpoint.swift */,
				F1224362285662D7004FAA68 /* GetDashboardStockCategoryEndpoint.swift */,
				F122438A2858FAED004FAA68 /* GetDashboardSalesGraphEndpoint.swift */,
				F122438C28591217004FAA68 /* GetDashboardSummaryEndpoint.swift */,
				F122439F28610447004FAA68 /* GetProductListEndpoint.swift */,
				F1973EB7287CA02C002E642F /* InsertProductEndpoint.swift */,
			);
			path = Endpoints;
			sourceTree = "<group>";
		};
		F190F95E2847C21A008F4941 /* Dashboard */ = {
			isa = PBXGroup;
			children = (
				F190F95F2847C229008F4941 /* Coordinator */,
				F190F9602847C234008F4941 /* View */,
				F190F9612847C23A008F4941 /* ViewModel */,
			);
			path = Dashboard;
			sourceTree = "<group>";
		};
		F190F95F2847C229008F4941 /* Coordinator */ = {
			isa = PBXGroup;
			children = (
				F190F9622847C253008F4941 /* DashboardCoordinator.swift */,
			);
			path = Coordinator;
			sourceTree = "<group>";
		};
		F190F9602847C234008F4941 /* View */ = {
			isa = PBXGroup;
			children = (
				F122436D28579B98004FAA68 /* TableHeaderView */,
				F122436628566C91004FAA68 /* TableViewCell */,
				F190F9642847C262008F4941 /* DashboardViewController.swift */,
			);
			path = View;
			sourceTree = "<group>";
		};
		F190F9612847C23A008F4941 /* ViewModel */ = {
			isa = PBXGroup;
			children = (
				F190F9662847C276008F4941 /* DashboardViewModel.swift */,
				F12243702857A3FA004FAA68 /* DashboardMovementHeaderDisplayViewModel.swift */,
				F12243802858F560004FAA68 /* DashboardReportStockGraphDisplayViewModel.swift */,
				F12243862858F961004FAA68 /* DashboardReportSalesGraphDisplayViewModel.swift */,
				F122438E285912E0004FAA68 /* DashboardSummaryItemDisplayViewModel.swift */,
			);
			path = ViewModel;
			sourceTree = "<group>";
		};
		F190F971284A1ABD008F4941 /* SideMenu */ = {
			isa = PBXGroup;
			children = (
				F190F974284A1AE6008F4941 /* Coordinator */,
				F190F972284A1AD9008F4941 /* View */,
				F190F973284A1AE0008F4941 /* ViewModel */,
			);
			path = SideMenu;
			sourceTree = "<group>";
		};
		F190F972284A1AD9008F4941 /* View */ = {
			isa = PBXGroup;
			children = (
				F122434D284B3329004FAA68 /* TableViewCell */,
				F190F977284A1B06008F4941 /* SideMenuViewController.swift */,
			);
			path = View;
			sourceTree = "<group>";
		};
		F190F973284A1AE0008F4941 /* ViewModel */ = {
			isa = PBXGroup;
			children = (
				F190F979284A1B17008F4941 /* SideMenuViewModel.swift */,
				F1224354284B61E8004FAA68 /* MenuItemDisplayModel.swift */,
			);
			path = ViewModel;
			sourceTree = "<group>";
		};
		F190F974284A1AE6008F4941 /* Coordinator */ = {
			isa = PBXGroup;
			children = (
				F190F975284A1AF8008F4941 /* SideMenuCoordinator.swift */,
			);
			path = Coordinator;
			sourceTree = "<group>";
		};
		F1A812DD28009AD3001CB802 = {
			isa = PBXGroup;
			children = (
				F1A812E828009AD3001CB802 /* StockManager */,
				F1A812E728009AD3001CB802 /* Products */,
				4ACB6BE4FC1462125476D0FC /* Pods */,
				2A3FACFB2669C0439438C7C6 /* Frameworks */,
			);
			sourceTree = "<group>";
		};
		F1A812E728009AD3001CB802 /* Products */ = {
			isa = PBXGroup;
			children = (
				F1A812E628009AD3001CB802 /* StockManager.app */,
			);
			name = Products;
			sourceTree = "<group>";
		};
		F1A812E828009AD3001CB802 /* StockManager */ = {
			isa = PBXGroup;
			children = (
				F190F9582847BBB5008F4941 /* Models */,
				F1B61403284690EC003E4909 /* Network */,
				F1B613D1283AA925003E4909 /* Styling */,
				F1A8130428009E9A001CB802 /* Extensions */,
				F1A812FD28009BB3001CB802 /* Application */,
				F1A8130028009BDA001CB802 /* BaseClasses */,
				F1A8130D2800A03B001CB802 /* Screens */,
				F1B613E9283AB40E003E4909 /* CustomControls */,
				F1B613EE283ABF0E003E4909 /* Singletons */,
				F1A8130328009D7D001CB802 /* Resources */,
			);
			path = StockManager;
			sourceTree = "<group>";
		};
		F1A812FD28009BB3001CB802 /* Application */ = {
			isa = PBXGroup;
			children = (
				F1A812E928009AD3001CB802 /* AppDelegate.swift */,
				F1A812FE28009BC6001CB802 /* AppCoordinator.swift */,
			);
			path = Application;
			sourceTree = "<group>";
		};
		F1A8130028009BDA001CB802 /* BaseClasses */ = {
			isa = PBXGroup;
			children = (
				F1A8130128009BF2001CB802 /* BaseCoordinator.swift */,
				F1A8130928009FEA001CB802 /* ViewModelType.swift */,
				F1A8130B2800A006001CB802 /* BaseViewController.swift */,
				F1B613FB284527F5003E4909 /* StackButtonViewController.swift */,
				F190F96D2847CC71008F4941 /* LoadingController.swift */,
			);
			path = BaseClasses;
			sourceTree = "<group>";
		};
		F1A8130328009D7D001CB802 /* Resources */ = {
			isa = PBXGroup;
			children = (
				F1B613DA283AB29C003E4909 /* Fonts */,
				F1A812F428009AD5001CB802 /* LaunchScreen.storyboard */,
				F1A812F228009AD5001CB802 /* Assets.xcassets */,
				F1A812F728009AD5001CB802 /* Info.plist */,
				F1B613F8283AC153003E4909 /* Localizable.strings */,
			);
			path = Resources;
			sourceTree = "<group>";
		};
		F1A8130428009E9A001CB802 /* Extensions */ = {
			isa = PBXGroup;
			children = (
				F1A8130528009EAD001CB802 /* ReusableViewExtension.swift */,
				F1A8130728009ED1001CB802 /* StringExtension.swift */,
				F1B613D4283AA983003E4909 /* UIColorExtension.swift */,
				F1B613E7283AB34E003E4909 /* UIFontExtension.swift */,
				F1B613F1283ABF95003E4909 /* NotificationCenterExtension.swift */,
				F1B613FD28452825003E4909 /* UIScrollViewExtension.swift */,
				F1B6140128452B49003E4909 /* UIImageExtension.swift */,
				F190F96F2847CD4B008F4941 /* UIApplicationExtension.swift */,
				F122436B285793F8004FAA68 /* UIViewExtension.swift */,
				F12243A528610AE0004FAA68 /* IntExtension.swift */,
			);
			path = Extensions;
			sourceTree = "<group>";
		};
		F1A8130D2800A03B001CB802 /* Screens */ = {
			isa = PBXGroup;
			children = (
				F13BF9572899A1FA00F9E992 /* ReportList */,
				F12243AC28637943004FAA68 /* AddProduct */,
				F122439228608C9A004FAA68 /* Products */,
				F190F971284A1ABD008F4941 /* SideMenu */,
				F1A8130E2800A048001CB802 /* Main */,
				F190F95E2847C21A008F4941 /* Dashboard */,
			);
			path = Screens;
			sourceTree = "<group>";
		};
		F1A8130E2800A048001CB802 /* Main */ = {
			isa = PBXGroup;
			children = (
				F1A813132800A075001CB802 /* Coordinator */,
				F1A8130F2800A04D001CB802 /* View */,
				F1A813102800A052001CB802 /* ViewModel */,
			);
			path = Main;
			sourceTree = "<group>";
		};
		F1A8130F2800A04D001CB802 /* View */ = {
			isa = PBXGroup;
			children = (
				F1A813112800A06B001CB802 /* MainViewController.swift */,
			);
			path = View;
			sourceTree = "<group>";
		};
		F1A813102800A052001CB802 /* ViewModel */ = {
			isa = PBXGroup;
			children = (
				F1A813162800A096001CB802 /* MainViewModel.swift */,
			);
			path = ViewModel;
			sourceTree = "<group>";
		};
		F1A813132800A075001CB802 /* Coordinator */ = {
			isa = PBXGroup;
			children = (
				F1A813142800A085001CB802 /* MainCoordinator.swift */,
			);
			path = Coordinator;
			sourceTree = "<group>";
		};
		F1B613D1283AA925003E4909 /* Styling */ = {
			isa = PBXGroup;
			children = (
				F1B613D2283AA936003E4909 /* Colors.swift */,
				F1B613E5283AB307003E4909 /* AppFont.swift */,
				F1B613F4283AC0A2003E4909 /* Localization.swift */,
			);
			path = Styling;
			sourceTree = "<group>";
		};
		F1B613DA283AB29C003E4909 /* Fonts */ = {
			isa = PBXGroup;
			children = (
				F1B613DD283AB2D2003E4909 /* SukhumvitTadmai-Bold.ttf */,
				F1B613DE283AB2D2003E4909 /* SukhumvitTadmai-Heavy.ttf */,
				F1B613DF283AB2D2003E4909 /* SukhumvitTadmai-Text.ttf */,
				F1B613DB283AB2D2003E4909 /* SukhumvitTadmai-TextItalic.ttf */,
				F1B613DC283AB2D2003E4909 /* SukhumvitTadmai-Thin.ttf */,
			);
			path = Fonts;
			sourceTree = "<group>";
		};
		F1B613E9283AB40E003E4909 /* CustomControls */ = {
			isa = PBXGroup;
			children = (
				F1B613EA283AB44F003E4909 /* ZortTextField.swift */,
				F1B613FF28452AA5003E4909 /* ZortButton.swift */,
				F12243772857C24F004FAA68 /* ZortPieChartView.swift */,
				F122437A2857D02B004FAA68 /* ZortPieChartColorSet.swift */,
				F12243822858F631004FAA68 /* ZortDropdownView.swift */,
				F12243AF2863810F004FAA68 /* ZortLazyLoadingTableViewCell.swift */,
				F1973EB328720608002E642F /* ZortAdjustHeightImageView.swift */,
			);
			path = CustomControls;
			sourceTree = "<group>";
		};
		F1B613EE283ABF0E003E4909 /* Singletons */ = {
			isa = PBXGroup;
			children = (
				F1B613EF283ABF25003E4909 /* LanguageManager.swift */,
				F190F9562847BB2B008F4941 /* UserContext.swift */,
			);
			path = Singletons;
			sourceTree = "<group>";
		};
		F1B61403284690EC003E4909 /* Network */ = {
			isa = PBXGroup;
			children = (
				F190F9542847B77F008F4941 /* APIConstant.swift */,
				F1B6140428469102003E4909 /* Endpoint.swift */,
				F190F9682847C655008F4941 /* APIError.swift */,
				F190F95C2847BC93008F4941 /* BaseAPIResponse.swift */,
				F12243AD28637C6D004FAA68 /* Pagination.swift */,
				F190F95B2847BC79008F4941 /* Endpoints */,
			);
			path = Network;
			sourceTree = "<group>";
		};
/* End PBXGroup section */

/* Begin PBXNativeTarget section */
		F1A812E528009AD3001CB802 /* StockManager */ = {
			isa = PBXNativeTarget;
			buildConfigurationList = F1A812FA28009AD5001CB802 /* Build configuration list for PBXNativeTarget "StockManager" */;
			buildPhases = (
				8AF642086517B3ACAFF31742 /* [CP] Check Pods Manifest.lock */,
				F1A812E228009AD3001CB802 /* Sources */,
				F1A812E328009AD3001CB802 /* Frameworks */,
				F1A812E428009AD3001CB802 /* Resources */,
				D2D0EF7E292C59ACD66766B4 /* [CP] Embed Pods Frameworks */,
			);
			buildRules = (
			);
			dependencies = (
			);
			name = StockManager;
			productName = StockManager;
			productReference = F1A812E628009AD3001CB802 /* StockManager.app */;
			productType = "com.apple.product-type.application";
		};
/* End PBXNativeTarget section */

/* Begin PBXProject section */
		F1A812DE28009AD3001CB802 /* Project object */ = {
			isa = PBXProject;
			attributes = {
				BuildIndependentTargetsInParallel = 1;
				LastSwiftUpdateCheck = 1330;
				LastUpgradeCheck = 1330;
				TargetAttributes = {
					F1A812E528009AD3001CB802 = {
						CreatedOnToolsVersion = 13.3;
					};
				};
			};
			buildConfigurationList = F1A812E128009AD3001CB802 /* Build configuration list for PBXProject "StockManager" */;
			compatibilityVersion = "Xcode 13.0";
			developmentRegion = en;
			hasScannedForEncodings = 0;
			knownRegions = (
				en,
				Base,
				th,
			);
			mainGroup = F1A812DD28009AD3001CB802;
			productRefGroup = F1A812E728009AD3001CB802 /* Products */;
			projectDirPath = "";
			projectRoot = "";
			targets = (
				F1A812E528009AD3001CB802 /* StockManager */,
			);
		};
/* End PBXProject section */

/* Begin PBXResourcesBuildPhase section */
		F1A812E428009AD3001CB802 /* Resources */ = {
			isa = PBXResourcesBuildPhase;
			buildActionMask = 2147483647;
			files = (
				F1B613E1283AB2D2003E4909 /* SukhumvitTadmai-Thin.ttf in Resources */,
				F1B613E3283AB2D2003E4909 /* SukhumvitTadmai-Heavy.ttf in Resources */,
				F1A812F628009AD5001CB802 /* LaunchScreen.storyboard in Resources */,
				F1B613E4283AB2D2003E4909 /* SukhumvitTadmai-Text.ttf in Resources */,
				F1B613E0283AB2D2003E4909 /* SukhumvitTadmai-TextItalic.ttf in Resources */,
				F1B613F6283AC153003E4909 /* Localizable.strings in Resources */,
				F1B613E2283AB2D2003E4909 /* SukhumvitTadmai-Bold.ttf in Resources */,
				F1A812F328009AD5001CB802 /* Assets.xcassets in Resources */,
			);
			runOnlyForDeploymentPostprocessing = 0;
		};
/* End PBXResourcesBuildPhase section */

/* Begin PBXShellScriptBuildPhase section */
		8AF642086517B3ACAFF31742 /* [CP] Check Pods Manifest.lock */ = {
			isa = PBXShellScriptBuildPhase;
			buildActionMask = 2147483647;
			files = (
			);
			inputFileListPaths = (
			);
			inputPaths = (
				"${PODS_PODFILE_DIR_PATH}/Podfile.lock",
				"${PODS_ROOT}/Manifest.lock",
			);
			name = "[CP] Check Pods Manifest.lock";
			outputFileListPaths = (
			);
			outputPaths = (
				"$(DERIVED_FILE_DIR)/Pods-StockManager-checkManifestLockResult.txt",
			);
			runOnlyForDeploymentPostprocessing = 0;
			shellPath = /bin/sh;
			shellScript = "diff \"${PODS_PODFILE_DIR_PATH}/Podfile.lock\" \"${PODS_ROOT}/Manifest.lock\" > /dev/null\nif [ $? != 0 ] ; then\n    # print error to STDERR\n    echo \"error: The sandbox is not in sync with the Podfile.lock. Run 'pod install' or update your CocoaPods installation.\" >&2\n    exit 1\nfi\n# This output is used by Xcode 'outputs' to avoid re-running this script phase.\necho \"SUCCESS\" > \"${SCRIPT_OUTPUT_FILE_0}\"\n";
			showEnvVarsInLog = 0;
		};
		D2D0EF7E292C59ACD66766B4 /* [CP] Embed Pods Frameworks */ = {
			isa = PBXShellScriptBuildPhase;
			buildActionMask = 2147483647;
			files = (
			);
			inputFileListPaths = (
				"${PODS_ROOT}/Target Support Files/Pods-StockManager/Pods-StockManager-frameworks-${CONFIGURATION}-input-files.xcfilelist",
			);
			name = "[CP] Embed Pods Frameworks";
			outputFileListPaths = (
				"${PODS_ROOT}/Target Support Files/Pods-StockManager/Pods-StockManager-frameworks-${CONFIGURATION}-output-files.xcfilelist",
			);
			runOnlyForDeploymentPostprocessing = 0;
			shellPath = /bin/sh;
			shellScript = "\"${PODS_ROOT}/Target Support Files/Pods-StockManager/Pods-StockManager-frameworks.sh\"\n";
			showEnvVarsInLog = 0;
		};
/* End PBXShellScriptBuildPhase section */

/* Begin PBXSourcesBuildPhase section */
		F1A812E228009AD3001CB802 /* Sources */ = {
			isa = PBXSourcesBuildPhase;
			buildActionMask = 2147483647;
			files = (
				F190F9632847C253008F4941 /* DashboardCoordinator.swift in Sources */,
				F12243892858F984004FAA68 /* ReportSalesGraphData.swift in Sources */,
				F1A812FF28009BC6001CB802 /* AppCoordinator.swift in Sources */,
				F1973EB8287CA02C002E642F /* InsertProductEndpoint.swift in Sources */,
				F122437D2858E79A004FAA68 /* DashboardStockGraphLegendViewCell.swift in Sources */,
				F122437F2858F214004FAA68 /* DashboardHeaderTitleView.swift in Sources */,
				F1B613F2283ABF95003E4909 /* NotificationCenterExtension.swift in Sources */,
				F1224353284B4139004FAA68 /* SideMenuItemTableViewCell.swift in Sources */,
				F12243812858F560004FAA68 /* DashboardReportStockGraphDisplayViewModel.swift in Sources */,
				F1B6140228452B49003E4909 /* UIImageExtension.swift in Sources */,
				F122436828566CC2004FAA68 /* DashboardMovementTableViewCell.swift in Sources */,
				F122436C285793F8004FAA68 /* UIViewExtension.swift in Sources */,
				F122438B2858FAED004FAA68 /* GetDashboardSalesGraphEndpoint.swift in Sources */,
				F1B613D3283AA936003E4909 /* Colors.swift in Sources */,
				F1B613EB283AB44F003E4909 /* ZortTextField.swift in Sources */,
				F1B613E8283AB34E003E4909 /* UIFontExtension.swift in Sources */,
				F12243732857A54A004FAA68 /* DashboardStockGraphTableViewCell.swift in Sources */,
				F12243832858F631004FAA68 /* ZortDropdownView.swift in Sources */,
				F1224391285914EA004FAA68 /* DashboardSummaryItemViewCell.swift in Sources */,
				F190F9652847C262008F4941 /* DashboardViewController.swift in Sources */,
				F1B613F5283AC0A2003E4909 /* Localization.swift in Sources */,
				F12243A828610B42004FAA68 /* ProductItemTableViewCell.swift in Sources */,
				F12243A4286106E9004FAA68 /* ProductItemDisplayViewModel.swift in Sources */,
				F12243B728638AEF004FAA68 /* AddProductViewController.swift in Sources */,
				F1224351284B4126004FAA68 /* SideMenuShopTableViewCell.swift in Sources */,
				F1A8130628009EAD001CB802 /* ReusableViewExtension.swift in Sources */,
				F122435D28565D4E004FAA68 /* ReportMovementData.swift in Sources */,
				F122439E28609C94004FAA68 /* ProductEmptyStateTableViewCell.swift in Sources */,
				F122436F28579BB5004FAA68 /* DashboardMovementHeaderView.swift in Sources */,
				F122439728608CE1004FAA68 /* ProductsCoordinator.swift in Sources */,
				F190F95A2847BBD4008F4941 /* Merchant.swift in Sources */,
				F13BF9622899A34E00F9E992 /* ReportLinkData.swift in Sources */,
				F190F9702847CD4B008F4941 /* UIApplicationExtension.swift in Sources */,
				F1224357284FA4EC004FAA68 /* ForgotPasswordEndpoint.swift in Sources */,
				F12243B02863810F004FAA68 /* ZortLazyLoadingTableViewCell.swift in Sources */,
				F1224363285662D7004FAA68 /* GetDashboardStockCategoryEndpoint.swift in Sources */,
				F1224365285666F9004FAA68 /* ReportStockGraphData.swift in Sources */,
				F122438F285912E0004FAA68 /* DashboardSummaryItemDisplayViewModel.swift in Sources */,
				F190F9552847B77F008F4941 /* APIConstant.swift in Sources */,
				F13BF9682899A76800F9E992 /* ReportListLinkTableViewCell.swift in Sources */,
				F122437B2857D02B004FAA68 /* ZortPieChartColorSet.swift in Sources */,
				F12243712857A3FA004FAA68 /* DashboardMovementHeaderDisplayViewModel.swift in Sources */,
				F190F976284A1AF8008F4941 /* SideMenuCoordinator.swift in Sources */,
				F1A8130A28009FEA001CB802 /* ViewModelType.swift in Sources */,
				F190F96E2847CC71008F4941 /* LoadingController.swift in Sources */,
				F190F978284A1B06008F4941 /* SideMenuViewController.swift in Sources */,
				F190F9692847C655008F4941 /* APIError.swift in Sources */,
				F122435F28565F3E004FAA68 /* GetMovementListEndpoint.swift in Sources */,
				F12243AE28637C6D004FAA68 /* Pagination.swift in Sources */,
				F122438D28591217004FAA68 /* GetDashboardSummaryEndpoint.swift in Sources */,
				F190F9672847C276008F4941 /* DashboardViewModel.swift in Sources */,
				F12243872858F961004FAA68 /* DashboardReportSalesGraphDisplayViewModel.swift in Sources */,
				F1B6140528469102003E4909 /* Endpoint.swift in Sources */,
				F1A8130828009ED1001CB802 /* StringExtension.swift in Sources */,
				F190F97A284A1B17008F4941 /* SideMenuViewModel.swift in Sources */,
				F1224355284B61E8004FAA68 /* MenuItemDisplayModel.swift in Sources */,
				F1973EB428720608002E642F /* ZortAdjustHeightImageView.swift in Sources */,
				F12243B528638AE2004FAA68 /* AddProductCoordinator.swift in Sources */,
				F13BF95E2899A23C00F9E992 /* ReportListViewController.swift in Sources */,
				F1A812EA28009AD3001CB802 /* AppDelegate.swift in Sources */,
				F122439928608CF2004FAA68 /* ProductsViewController.swift in Sources */,
				F12243A028610447004FAA68 /* GetProductListEndpoint.swift in Sources */,
				F1973EB228720034002E642F /* AddProductSelectPhotoView.swift in Sources */,
				F13BF9662899A5AF00F9E992 /* ReportListLinkTableHeaderView.swift in Sources */,
				F1A813172800A096001CB802 /* MainViewModel.swift in Sources */,
				F1224361285662C7004FAA68 /* GetDashboardStockGraphEndpoint.swift in Sources */,
				F190F9512847B237008F4941 /* LoginEndpoint.swift in Sources */,
				F1973EB0286CCC74002E642F /* AddProductScanCodeButton.swift in Sources */,
				F1B6140028452AA5003E4909 /* ZortButton.swift in Sources */,
				F1A8130C2800A006001CB802 /* BaseViewController.swift in Sources */,
				F1A8130228009BF2001CB802 /* BaseCoordinator.swift in Sources */,
				F12243AB28610E15004FAA68 /* ProductTableHeaderView.swift in Sources */,
				F190F9572847BB2B008F4941 /* UserContext.swift in Sources */,
				F12243852858F8F1004FAA68 /* DashboardSalesGraphTableViewCell.swift in Sources */,
				F13BF95C2899A23000F9E992 /* ReportListCoordinator.swift in Sources */,
				F12243B928638AFD004FAA68 /* AddProductViewModel.swift in Sources */,
				F12243782857C24F004FAA68 /* ZortPieChartView.swift in Sources */,
				F190F95D2847BC93008F4941 /* BaseAPIResponse.swift in Sources */,
				F1B613FE28452825003E4909 /* UIScrollViewExtension.swift in Sources */,
				F1B613E6283AB307003E4909 /* AppFont.swift in Sources */,
				F1A813152800A085001CB802 /* MainCoordinator.swift in Sources */,
				F122439B28608CFE004FAA68 /* ProductsViewModel.swift in Sources */,
				F13BF96A2899AA5900F9E992 /* SelectLinkOptionViewController.swift in Sources */,
				F1B613F0283ABF25003E4909 /* LanguageManager.swift in Sources */,
				F13BF9602899A24900F9E992 /* ReportListViewModel.swift in Sources */,
				F12243A628610AE0004FAA68 /* IntExtension.swift in Sources */,
				F1A813122800A06B001CB802 /* MainViewController.swift in Sources */,
				F1B613D5283AA983003E4909 /* UIColorExtension.swift in Sources */,
				F1B613FC284527F5003E4909 /* StackButtonViewController.swift in Sources */,
			);
			runOnlyForDeploymentPostprocessing = 0;
		};
/* End PBXSourcesBuildPhase section */

/* Begin PBXVariantGroup section */
		F1A812F428009AD5001CB802 /* LaunchScreen.storyboard */ = {
			isa = PBXVariantGroup;
			children = (
				F1A812F528009AD5001CB802 /* Base */,
			);
			name = LaunchScreen.storyboard;
			sourceTree = "<group>";
		};
		F1B613F8283AC153003E4909 /* Localizable.strings */ = {
			isa = PBXVariantGroup;
			children = (
				F1B613F7283AC153003E4909 /* en */,
				F1B613F9283AC22F003E4909 /* th */,
			);
			name = Localizable.strings;
			sourceTree = "<group>";
		};
/* End PBXVariantGroup section */

/* Begin XCBuildConfiguration section */
		F1A812F828009AD5001CB802 /* Debug */ = {
			isa = XCBuildConfiguration;
			buildSettings = {
				ALWAYS_SEARCH_USER_PATHS = NO;
				CLANG_ANALYZER_LOCALIZABILITY_NONLOCALIZED = YES;
				CLANG_ANALYZER_NONNULL = YES;
				CLANG_ANALYZER_NUMBER_OBJECT_CONVERSION = YES_AGGRESSIVE;
				CLANG_CXX_LANGUAGE_STANDARD = "gnu++17";
				CLANG_ENABLE_MODULES = YES;
				CLANG_ENABLE_OBJC_ARC = YES;
				CLANG_ENABLE_OBJC_WEAK = YES;
				CLANG_WARN_BLOCK_CAPTURE_AUTORELEASING = YES;
				CLANG_WARN_BOOL_CONVERSION = YES;
				CLANG_WARN_COMMA = YES;
				CLANG_WARN_CONSTANT_CONVERSION = YES;
				CLANG_WARN_DEPRECATED_OBJC_IMPLEMENTATIONS = YES;
				CLANG_WARN_DIRECT_OBJC_ISA_USAGE = YES_ERROR;
				CLANG_WARN_DOCUMENTATION_COMMENTS = YES;
				CLANG_WARN_EMPTY_BODY = YES;
				CLANG_WARN_ENUM_CONVERSION = YES;
				CLANG_WARN_INFINITE_RECURSION = YES;
				CLANG_WARN_INT_CONVERSION = YES;
				CLANG_WARN_NON_LITERAL_NULL_CONVERSION = YES;
				CLANG_WARN_OBJC_IMPLICIT_RETAIN_SELF = YES;
				CLANG_WARN_OBJC_LITERAL_CONVERSION = YES;
				CLANG_WARN_OBJC_ROOT_CLASS = YES_ERROR;
				CLANG_WARN_QUOTED_INCLUDE_IN_FRAMEWORK_HEADER = YES;
				CLANG_WARN_RANGE_LOOP_ANALYSIS = YES;
				CLANG_WARN_STRICT_PROTOTYPES = YES;
				CLANG_WARN_SUSPICIOUS_MOVE = YES;
				CLANG_WARN_UNGUARDED_AVAILABILITY = YES_AGGRESSIVE;
				CLANG_WARN_UNREACHABLE_CODE = YES;
				CLANG_WARN__DUPLICATE_METHOD_MATCH = YES;
				COPY_PHASE_STRIP = NO;
				DEBUG_INFORMATION_FORMAT = dwarf;
				ENABLE_STRICT_OBJC_MSGSEND = YES;
				ENABLE_TESTABILITY = YES;
				GCC_C_LANGUAGE_STANDARD = gnu11;
				GCC_DYNAMIC_NO_PIC = NO;
				GCC_NO_COMMON_BLOCKS = YES;
				GCC_OPTIMIZATION_LEVEL = 0;
				GCC_PREPROCESSOR_DEFINITIONS = (
					"DEBUG=1",
					"$(inherited)",
				);
				GCC_WARN_64_TO_32_BIT_CONVERSION = YES;
				GCC_WARN_ABOUT_RETURN_TYPE = YES_ERROR;
				GCC_WARN_UNDECLARED_SELECTOR = YES;
				GCC_WARN_UNINITIALIZED_AUTOS = YES_AGGRESSIVE;
				GCC_WARN_UNUSED_FUNCTION = YES;
				GCC_WARN_UNUSED_VARIABLE = YES;
				IPHONEOS_DEPLOYMENT_TARGET = 11.2;
				MTL_ENABLE_DEBUG_INFO = INCLUDE_SOURCE;
				MTL_FAST_MATH = YES;
				ONLY_ACTIVE_ARCH = YES;
				SDKROOT = iphoneos;
				SWIFT_ACTIVE_COMPILATION_CONDITIONS = DEBUG;
				SWIFT_OPTIMIZATION_LEVEL = "-Onone";
			};
			name = Debug;
		};
		F1A812F928009AD5001CB802 /* Release */ = {
			isa = XCBuildConfiguration;
			buildSettings = {
				ALWAYS_SEARCH_USER_PATHS = NO;
				CLANG_ANALYZER_LOCALIZABILITY_NONLOCALIZED = YES;
				CLANG_ANALYZER_NONNULL = YES;
				CLANG_ANALYZER_NUMBER_OBJECT_CONVERSION = YES_AGGRESSIVE;
				CLANG_CXX_LANGUAGE_STANDARD = "gnu++17";
				CLANG_ENABLE_MODULES = YES;
				CLANG_ENABLE_OBJC_ARC = YES;
				CLANG_ENABLE_OBJC_WEAK = YES;
				CLANG_WARN_BLOCK_CAPTURE_AUTORELEASING = YES;
				CLANG_WARN_BOOL_CONVERSION = YES;
				CLANG_WARN_COMMA = YES;
				CLANG_WARN_CONSTANT_CONVERSION = YES;
				CLANG_WARN_DEPRECATED_OBJC_IMPLEMENTATIONS = YES;
				CLANG_WARN_DIRECT_OBJC_ISA_USAGE = YES_ERROR;
				CLANG_WARN_DOCUMENTATION_COMMENTS = YES;
				CLANG_WARN_EMPTY_BODY = YES;
				CLANG_WARN_ENUM_CONVERSION = YES;
				CLANG_WARN_INFINITE_RECURSION = YES;
				CLANG_WARN_INT_CONVERSION = YES;
				CLANG_WARN_NON_LITERAL_NULL_CONVERSION = YES;
				CLANG_WARN_OBJC_IMPLICIT_RETAIN_SELF = YES;
				CLANG_WARN_OBJC_LITERAL_CONVERSION = YES;
				CLANG_WARN_OBJC_ROOT_CLASS = YES_ERROR;
				CLANG_WARN_QUOTED_INCLUDE_IN_FRAMEWORK_HEADER = YES;
				CLANG_WARN_RANGE_LOOP_ANALYSIS = YES;
				CLANG_WARN_STRICT_PROTOTYPES = YES;
				CLANG_WARN_SUSPICIOUS_MOVE = YES;
				CLANG_WARN_UNGUARDED_AVAILABILITY = YES_AGGRESSIVE;
				CLANG_WARN_UNREACHABLE_CODE = YES;
				CLANG_WARN__DUPLICATE_METHOD_MATCH = YES;
				COPY_PHASE_STRIP = NO;
				DEBUG_INFORMATION_FORMAT = "dwarf-with-dsym";
				ENABLE_NS_ASSERTIONS = NO;
				ENABLE_STRICT_OBJC_MSGSEND = YES;
				GCC_C_LANGUAGE_STANDARD = gnu11;
				GCC_NO_COMMON_BLOCKS = YES;
				GCC_WARN_64_TO_32_BIT_CONVERSION = YES;
				GCC_WARN_ABOUT_RETURN_TYPE = YES_ERROR;
				GCC_WARN_UNDECLARED_SELECTOR = YES;
				GCC_WARN_UNINITIALIZED_AUTOS = YES_AGGRESSIVE;
				GCC_WARN_UNUSED_FUNCTION = YES;
				GCC_WARN_UNUSED_VARIABLE = YES;
				IPHONEOS_DEPLOYMENT_TARGET = 11.2;
				MTL_ENABLE_DEBUG_INFO = NO;
				MTL_FAST_MATH = YES;
				SDKROOT = iphoneos;
				SWIFT_COMPILATION_MODE = wholemodule;
				SWIFT_OPTIMIZATION_LEVEL = "-O";
				VALIDATE_PRODUCT = YES;
			};
			name = Release;
		};
		F1A812FB28009AD5001CB802 /* Debug */ = {
			isa = XCBuildConfiguration;
			baseConfigurationReference = 31EC0D9D8E83403D03A5978A /* Pods-StockManager.debug.xcconfig */;
			buildSettings = {
				ASSETCATALOG_COMPILER_APPICON_NAME = AppIcon;
				ASSETCATALOG_COMPILER_GLOBAL_ACCENT_COLOR_NAME = AccentColor;
				CODE_SIGN_STYLE = Automatic;
				CURRENT_PROJECT_VERSION = 1;
				DEVELOPMENT_TEAM = SR52JE4SY6;
				GENERATE_INFOPLIST_FILE = YES;
				INFOPLIST_FILE = StockManager/Info.plist;
				INFOPLIST_KEY_NSCameraUsageDescription = "StockManager ต้องการเข้าถึงกล้องของคุณเพื่อใช้ในการสแกนสินค้า";
				INFOPLIST_KEY_NSPhotoLibraryAddUsageDescription = "StockManager ต้องการเพิ่มรูปภาพลงบนเครื่องของคุณ";
				INFOPLIST_KEY_NSPhotoLibraryUsageDescription = "StockManager ต้องการเข้าถึงรูปภาพของคุณ";
				INFOPLIST_KEY_UIApplicationSupportsIndirectInputEvents = YES;
				INFOPLIST_KEY_UILaunchStoryboardName = LaunchScreen;
				INFOPLIST_KEY_UISupportedInterfaceOrientations = UIInterfaceOrientationPortrait;
				INFOPLIST_KEY_UISupportedInterfaceOrientations_iPad = "UIInterfaceOrientationPortrait UIInterfaceOrientationPortraitUpsideDown UIInterfaceOrientationLandscapeLeft UIInterfaceOrientationLandscapeRight";
				INFOPLIST_KEY_UISupportedInterfaceOrientations_iPhone = "UIInterfaceOrientationPortrait UIInterfaceOrientationLandscapeLeft UIInterfaceOrientationLandscapeRight";
				LD_RUNPATH_SEARCH_PATHS = (
					"$(inherited)",
					"@executable_path/Frameworks",
				);
				MARKETING_VERSION = 1.0;
				PRODUCT_BUNDLE_IDENTIFIER = th.chavalit.ios.StockManager;
				PRODUCT_NAME = "$(TARGET_NAME)";
				SWIFT_EMIT_LOC_STRINGS = YES;
				SWIFT_VERSION = 5.0;
				TARGETED_DEVICE_FAMILY = 1;
			};
			name = Debug;
		};
		F1A812FC28009AD5001CB802 /* Release */ = {
			isa = XCBuildConfiguration;
			baseConfigurationReference = 5D043D7346D75BA46F296D07 /* Pods-StockManager.release.xcconfig */;
			buildSettings = {
				ASSETCATALOG_COMPILER_APPICON_NAME = AppIcon;
				ASSETCATALOG_COMPILER_GLOBAL_ACCENT_COLOR_NAME = AccentColor;
				CODE_SIGN_STYLE = Automatic;
				CURRENT_PROJECT_VERSION = 1;
				DEVELOPMENT_TEAM = SR52JE4SY6;
				GENERATE_INFOPLIST_FILE = YES;
				INFOPLIST_FILE = StockManager/Info.plist;
				INFOPLIST_KEY_NSCameraUsageDescription = "StockManager ต้องการเข้าถึงกล้องของคุณเพื่อใช้ในการสแกนสินค้า";
				INFOPLIST_KEY_NSPhotoLibraryAddUsageDescription = "StockManager ต้องการเพิ่มรูปภาพลงบนเครื่องของคุณ";
				INFOPLIST_KEY_NSPhotoLibraryUsageDescription = "StockManager ต้องการเข้าถึงรูปภาพของคุณ";
				INFOPLIST_KEY_UIApplicationSupportsIndirectInputEvents = YES;
				INFOPLIST_KEY_UILaunchStoryboardName = LaunchScreen;
				INFOPLIST_KEY_UISupportedInterfaceOrientations = UIInterfaceOrientationPortrait;
				INFOPLIST_KEY_UISupportedInterfaceOrientations_iPad = "UIInterfaceOrientationPortrait UIInterfaceOrientationPortraitUpsideDown UIInterfaceOrientationLandscapeLeft UIInterfaceOrientationLandscapeRight";
				INFOPLIST_KEY_UISupportedInterfaceOrientations_iPhone = "UIInterfaceOrientationPortrait UIInterfaceOrientationLandscapeLeft UIInterfaceOrientationLandscapeRight";
				LD_RUNPATH_SEARCH_PATHS = (
					"$(inherited)",
					"@executable_path/Frameworks",
				);
				MARKETING_VERSION = 1.0;
				PRODUCT_BUNDLE_IDENTIFIER = th.chavalit.ios.StockManager;
				PRODUCT_NAME = "$(TARGET_NAME)";
				SWIFT_EMIT_LOC_STRINGS = YES;
				SWIFT_VERSION = 5.0;
				TARGETED_DEVICE_FAMILY = 1;
			};
			name = Release;
		};
/* End XCBuildConfiguration section */

/* Begin XCConfigurationList section */
		F1A812E128009AD3001CB802 /* Build configuration list for PBXProject "StockManager" */ = {
			isa = XCConfigurationList;
			buildConfigurations = (
				F1A812F828009AD5001CB802 /* Debug */,
				F1A812F928009AD5001CB802 /* Release */,
			);
			defaultConfigurationIsVisible = 0;
			defaultConfigurationName = Release;
		};
		F1A812FA28009AD5001CB802 /* Build configuration list for PBXNativeTarget "StockManager" */ = {
			isa = XCConfigurationList;
			buildConfigurations = (
				F1A812FB28009AD5001CB802 /* Debug */,
				F1A812FC28009AD5001CB802 /* Release */,
			);
			defaultConfigurationIsVisible = 0;
			defaultConfigurationName = Release;
		};
/* End XCConfigurationList section */
	};
	rootObject = F1A812DE28009AD3001CB802 /* Project object */;
}
