PODS:
  - Alamofire (5.6.1)
  - IQKeyboardManagerSwift (6.5.10)
  - Locksmith (4.0.0)
  - RxCocoa (6.5.0):
    - RxRelay (= 6.5.0)
    - RxSwift (= 6.5.0)
  - RxRelay (6.5.0):
    - RxSwift (= 6.5.0)
  - RxSwift (6.5.0)
  - SnapKit (5.6.0)
  - Wormholy (1.6.5)

DEPENDENCIES:
  - Alamofire
  - IQKeyboardManagerSwift
  - Locksmith
  - RxCocoa
  - RxSwift
  - SnapKit
  - Wormholy

SPEC REPOS:
  trunk:
    - Alamofire
    - IQKeyboardManagerSwift
    - Locksmith
    - RxCocoa
    - RxRelay
    - RxSwift
    - SnapKit
    - Wormholy

SPEC CHECKSUMS:
  Alamofire: 87bd8c952f9a4454320fce00d9cc3de57bcadaf5
  IQKeyboardManagerSwift: 52962c76ab33532f15ad9f3ff4e5715eda5335bb
  Locksmith: e9bebbaaa4cee3c511bc358a44f843c3fe00e21f
  RxCocoa: 94f817b71c07517321eb4f9ad299112ca8af743b
  RxRelay: 1de1523e604c72b6c68feadedd1af3b1b4d0ecbd
  RxSwift: 5710a9e6b17f3c3d6e40d6e559b9fa1e813b2ef8
  SnapKit: e01d52ebb8ddbc333eefe2132acf85c8227d9c25
  Wormholy: 3252bc3e55a1847ef9a0976c1377bd77bf3635fa

PODFILE CHECKSUM: 1692e4f3f624141915204ade3a05834065172b37

COCOAPODS: 1.11.2
