PODS:
  - AAInfographics (7.2.0)
  - Alamofire (5.6.1)
  - BarcodeScanner (5.0.0)
  - IQKeyboardManagerSwift (6.5.10)
  - Kingfisher (6.3.1)
  - Locksmith (4.0.0)
  - RxCocoa (6.5.0):
    - RxRelay (= 6.5.0)
    - RxSwift (= 6.5.0)
  - RxRelay (6.5.0):
    - RxSwift (= 6.5.0)
  - RxSwift (6.5.0)
  - SnapKit (5.6.0)
  - Wormholy (1.6.5)

DEPENDENCIES:
  - AAInfographics (from `https://github.com/AAChartModel/AAChartKit-Swift.git`)
  - Alamofire
  - BarcodeScanner
  - IQKeyboardManagerSwift
  - Kingfisher
  - Locksmith
  - RxCocoa
  - RxSwift
  - SnapKit
  - Wormholy

SPEC REPOS:
  trunk:
    - Alamofire
    - BarcodeScanner
    - IQKeyboardManagerSwift
    - Kingfisher
    - Locksmith
    - RxCocoa
    - RxRelay
    - RxSwift
    - SnapKit
    - Wormholy

EXTERNAL SOURCES:
  AAInfographics:
    :git: https://github.com/AAChartModel/AAChartKit-Swift.git

CHECKOUT OPTIONS:
  AAInfographics:
    :commit: d4bf15f2457f86a6337572e546f441e1c251c73b
    :git: https://github.com/AAChartModel/AAChartKit-Swift.git

SPEC CHECKSUMS:
  AAInfographics: 10defc08a598c06f8dd7c9ecf0a50e70e88fdb4d
  Alamofire: 87bd8c952f9a4454320fce00d9cc3de57bcadaf5
  BarcodeScanner: 2f5a53198eae49dc39bf61f2c1f05c04e01ff72d
  IQKeyboardManagerSwift: 52962c76ab33532f15ad9f3ff4e5715eda5335bb
  Kingfisher: 016c8b653a35add51dd34a3aba36b580041acc74
  Locksmith: e9bebbaaa4cee3c511bc358a44f843c3fe00e21f
  RxCocoa: 94f817b71c07517321eb4f9ad299112ca8af743b
  RxRelay: 1de1523e604c72b6c68feadedd1af3b1b4d0ecbd
  RxSwift: 5710a9e6b17f3c3d6e40d6e559b9fa1e813b2ef8
  SnapKit: e01d52ebb8ddbc333eefe2132acf85c8227d9c25
  Wormholy: 3252bc3e55a1847ef9a0976c1377bd77bf3635fa

PODFILE CHECKSUM: 779e39bec81c2d45c304bf88991f53862ea5f169

COCOAPODS: 1.11.2
